{
    "_meta": {
        "hash": {
            "sha256": "ba8c3ae57899c1dc20c1db962f0b19304e9bf61d531a5fbfa14239ad86d4f219"
        },
        "pipfile-spec": 6,
        "requires": {
            "python_version": "3.6"
        },
        "sources": [
            {
                "name": "pypi",
                "url": "https://pypi.org/simple",
                "verify_ssl": true
            }
        ]
    },
    "default": {
        "turkish-normalization": {
            "path": "./../turkish_normalization"
        }
    },
    "develop": {}
}
